
Microsoft Visual Studio Solution File, Format Version 12.00
# Visual Studio Version 17
VisualStudioVersion = 17.11.35327.3
MinimumVisualStudioVersion = 10.0.40219.1
Project("{FAE04EC0-301F-11D3-BF4B-00C04F79EFBC}") = "FinalOrm", "FinalOrm.csproj", "{5BC467CA-31DF-4EF5-97B3-B7C70A03C799}"
EndProject
Global
	GlobalSection(SolutionConfigurationPlatforms) = preSolution
		Debug|Any CPU = Debug|Any CPU
		Release|Any CPU = Release|Any CPU
	EndGlobalSection
	GlobalSection(ProjectConfigurationPlatforms) = postSolution
		{5BC467CA-31DF-4EF5-97B3-B7C70A03C799}.Debug|Any CPU.ActiveCfg = Debug|Any CPU
		{5BC467CA-31DF-4EF5-97B3-B7C70A03C799}.Debug|Any CPU.Build.0 = Debug|Any CPU
		{5BC467CA-31DF-4EF5-97B3-B7C70A03C799}.Release|Any CPU.ActiveCfg = Release|Any CPU
		{5BC467CA-31DF-4EF5-97B3-B7C70A03C799}.Release|Any CPU.Build.0 = Release|Any CPU
	EndGlobalSection
	GlobalSection(SolutionProperties) = preSolution
		HideSolutionNode = FALSE
	EndGlobalSection
	GlobalSection(ExtensibilityGlobals) = postSolution
		SolutionGuid = {A4D7F76F-06CE-4746-B6A7-EB707988F753}
	EndGlobalSection
EndGlobal
